
Microsoft Visual Studio Solution File, Format Version 11.00
# Visual Studio 2010
# SharpDevelop 4.4
Project("{FAE04EC0-301F-11D3-BF4B-00C04F79EFBC}") = "STM32_FFT", "STM32_FFT\STM32_FFT.csproj", "{4BB2341E-BACE-4478-8FA3-777682B183EA}"
EndProject
Global
	GlobalSection(SolutionConfigurationPlatforms) = preSolution
		Debug|Any CPU = Debug|Any CPU
		Release|Any CPU = Release|Any CPU
	EndGlobalSection
	GlobalSection(ProjectConfigurationPlatforms) = postSolution
		{4BB2341E-BACE-4478-8FA3-777682B183EA}.Debug|Any CPU.Build.0 = Debug|Any CPU
		{4BB2341E-BACE-4478-8FA3-777682B183EA}.Debug|Any CPU.ActiveCfg = Debug|Any CPU
		{4BB2341E-BACE-4478-8FA3-777682B183EA}.Release|Any CPU.Build.0 = Release|Any CPU
		{4BB2341E-BACE-4478-8FA3-777682B183EA}.Release|Any CPU.ActiveCfg = Release|Any CPU
	EndGlobalSection
EndGlobal
